
Microsoft Visual Studio Solution File, Format Version 12.00
# Visual Studio Version 17
VisualStudioVersion = 17.5.33530.505
MinimumVisualStudioVersion = 10.0.40219.1
Project("{FAE04EC0-301F-11D3-BF4B-00C04F79EFBC}") = "ParkingManagementSystem", "ParkingManagementSystem\ParkingManagementSystem.csproj", "{CA1BFD7F-B201-43D9-ABD9-EC1B0E9854A3}"
EndProject
Global
	GlobalSection(SolutionConfigurationPlatforms) = preSolution
		Debug|Any CPU = Debug|Any CPU
		Release|Any CPU = Release|Any CPU
	EndGlobalSection
	GlobalSection(ProjectConfigurationPlatforms) = postSolution
		{CA1BFD7F-B201-43D9-ABD9-EC1B0E9854A3}.Debug|Any CPU.ActiveCfg = Debug|Any CPU
		{CA1BFD7F-B201-43D9-ABD9-EC1B0E9854A3}.Debug|Any CPU.Build.0 = Debug|Any CPU
		{CA1BFD7F-B201-43D9-ABD9-EC1B0E9854A3}.Release|Any CPU.ActiveCfg = Release|Any CPU
		{CA1BFD7F-B201-43D9-ABD9-EC1B0E9854A3}.Release|Any CPU.Build.0 = Release|Any CPU
	EndGlobalSection
	GlobalSection(SolutionProperties) = preSolution
		HideSolutionNode = FALSE
	EndGlobalSection
	GlobalSection(ExtensibilityGlobals) = postSolution
		SolutionGuid = {84216A38-109D-457A-978E-65C8B89EAA9C}
	EndGlobalSection
EndGlobal
